// !$*UTF8*$!
{
	archiveVersion = 1;
	classes = {
	};
	objectVersion = 56;
	objects = {

/* Begin PBXBuildFile section */
		4A805AEC2B34392A00F45CA3 /* HomeProtocol.swift in Sources */ = {isa = PBXBuildFile; fileRef = 4A805AEB2B34392A00F45CA3 /* HomeProtocol.swift */; };
		4A805B102B344C5A00F45CA3 /* InformationProtocol.swift in Sources */ = {isa = PBXBuildFile; fileRef = 4A805B0F2B344C5A00F45CA3 /* InformationProtocol.swift */; };
		4AA6B6F92B21BF64001A5E48 /* AppDelegate.swift in Sources */ = {isa = PBXBuildFile; fileRef = 4AA6B6F82B21BF64001A5E48 /* AppDelegate.swift */; };
		4AA6B6FB2B21BF64001A5E48 /* SceneDelegate.swift in Sources */ = {isa = PBXBuildFile; fileRef = 4AA6B6FA2B21BF64001A5E48 /* SceneDelegate.swift */; };
		4AA6B6FD2B21BF64001A5E48 /* ViewController.swift in Sources */ = {isa = PBXBuildFile; fileRef = 4AA6B6FC2B21BF64001A5E48 /* ViewController.swift */; };
		4AA6B7002B21BF64001A5E48 /* Main.storyboard in Resources */ = {isa = PBXBuildFile; fileRef = 4AA6B6FE2B21BF64001A5E48 /* Main.storyboard */; };
		4AA6B7022B21BF65001A5E48 /* Assets.xcassets in Resources */ = {isa = PBXBuildFile; fileRef = 4AA6B7012B21BF65001A5E48 /* Assets.xcassets */; };
		4AA6B7052B21BF65001A5E48 /* LaunchScreen.storyboard in Resources */ = {isa = PBXBuildFile; fileRef = 4AA6B7032B21BF65001A5E48 /* LaunchScreen.storyboard */; };
		4AA6B7102B21BF65001A5E48 /* NewsTests.swift in Sources */ = {isa = PBXBuildFile; fileRef = 4AA6B70F2B21BF65001A5E48 /* NewsTests.swift */; };
		4AA6B71A2B21BF65001A5E48 /* NewsUITests.swift in Sources */ = {isa = PBXBuildFile; fileRef = 4AA6B7192B21BF65001A5E48 /* NewsUITests.swift */; };
		4AA6B71C2B21BF65001A5E48 /* NewsUITestsLaunchTests.swift in Sources */ = {isa = PBXBuildFile; fileRef = 4AA6B71B2B21BF65001A5E48 /* NewsUITestsLaunchTests.swift */; };
		4AA6B7312B21CDA1001A5E48 /* HomeInteractor.swift in Sources */ = {isa = PBXBuildFile; fileRef = 4AA6B7302B21CDA1001A5E48 /* HomeInteractor.swift */; };
		4AA6B7332B21CDC1001A5E48 /* HomePresenter.swift in Sources */ = {isa = PBXBuildFile; fileRef = 4AA6B7322B21CDC1001A5E48 /* HomePresenter.swift */; };
		4AA6B7352B21CDD5001A5E48 /* HomeRouter.swift in Sources */ = {isa = PBXBuildFile; fileRef = 4AA6B7342B21CDD5001A5E48 /* HomeRouter.swift */; };
		4AA6B7382B21CE06001A5E48 /* HomeEntity.swift in Sources */ = {isa = PBXBuildFile; fileRef = 4AA6B7372B21CE06001A5E48 /* HomeEntity.swift */; };
		4AA6B73B2B21CE91001A5E48 /* InformationVC.swift in Sources */ = {isa = PBXBuildFile; fileRef = 4AA6B7392B21CE91001A5E48 /* InformationVC.swift */; };
		4AA6B73C2B21CE91001A5E48 /* InformationVC.xib in Resources */ = {isa = PBXBuildFile; fileRef = 4AA6B73A2B21CE91001A5E48 /* InformationVC.xib */; };
		4AA6B73E2B21CEA7001A5E48 /* InformationInteractor.swift in Sources */ = {isa = PBXBuildFile; fileRef = 4AA6B73D2B21CEA7001A5E48 /* InformationInteractor.swift */; };
		4AA6B7402B21CEB8001A5E48 /* InformationPresenter.swift in Sources */ = {isa = PBXBuildFile; fileRef = 4AA6B73F2B21CEB8001A5E48 /* InformationPresenter.swift */; };
		4AA6B7422B21CECB001A5E48 /* InformationEntity.swift in Sources */ = {isa = PBXBuildFile; fileRef = 4AA6B7412B21CECB001A5E48 /* InformationEntity.swift */; };
		4AA6B7442B21CEDA001A5E48 /* InformationRouter.swift in Sources */ = {isa = PBXBuildFile; fileRef = 4AA6B7432B21CEDA001A5E48 /* InformationRouter.swift */; };
		4AA6B75D2B21D4D8001A5E48 /* NavigationBar.swift in Sources */ = {isa = PBXBuildFile; fileRef = 4AA6B75B2B21D4D8001A5E48 /* NavigationBar.swift */; };
		4AA6B75E2B21D4D8001A5E48 /* NavigationBar.xib in Resources */ = {isa = PBXBuildFile; fileRef = 4AA6B75C2B21D4D8001A5E48 /* NavigationBar.xib */; };
		4AC2F6FE2B4303FA00EE3F39 /* SplashScreenVC.swift in Sources */ = {isa = PBXBuildFile; fileRef = 4AC2F6FC2B4303FA00EE3F39 /* SplashScreenVC.swift */; };
		4AC2F6FF2B4303FA00EE3F39 /* SplashScreenVC.xib in Resources */ = {isa = PBXBuildFile; fileRef = 4AC2F6FD2B4303FA00EE3F39 /* SplashScreenVC.xib */; };
		4AC2F7022B43070800EE3F39 /* SplashScreenInteractor.swift in Sources */ = {isa = PBXBuildFile; fileRef = 4AC2F7012B43070800EE3F39 /* SplashScreenInteractor.swift */; };
		4AC2F7042B43071C00EE3F39 /* SplashScreenPresenter.swift in Sources */ = {isa = PBXBuildFile; fileRef = 4AC2F7032B43071C00EE3F39 /* SplashScreenPresenter.swift */; };
		4AC2F7062B43072F00EE3F39 /* SplashScreenEntity.swift in Sources */ = {isa = PBXBuildFile; fileRef = 4AC2F7052B43072F00EE3F39 /* SplashScreenEntity.swift */; };
		4AC2F7082B43073D00EE3F39 /* SplashScreenRouter.swift in Sources */ = {isa = PBXBuildFile; fileRef = 4AC2F7072B43073D00EE3F39 /* SplashScreenRouter.swift */; };
		4AC2F70A2B43075100EE3F39 /* SplashScreenProtocol.swift in Sources */ = {isa = PBXBuildFile; fileRef = 4AC2F7092B43075100EE3F39 /* SplashScreenProtocol.swift */; };
		4AC46DCD2B3531530024C84E /* Pods_News.framework in Frameworks */ = {isa = PBXBuildFile; fileRef = 4AC46DCC2B3531530024C84E /* Pods_News.framework */; };
		4AC863022B416FC500BF8EEB /* Alert.swift in Sources */ = {isa = PBXBuildFile; fileRef = 4AC863012B416FC500BF8EEB /* Alert.swift */; };
		4AC863042B416FCF00BF8EEB /* Error.swift in Sources */ = {isa = PBXBuildFile; fileRef = 4AC863032B416FCF00BF8EEB /* Error.swift */; };
		4AC863062B416FDC00BF8EEB /* Date.swift in Sources */ = {isa = PBXBuildFile; fileRef = 4AC863052B416FDC00BF8EEB /* Date.swift */; };
		4AC863082B416FF900BF8EEB /* LoadingIndicator.swift in Sources */ = {isa = PBXBuildFile; fileRef = 4AC863072B416FF900BF8EEB /* LoadingIndicator.swift */; };
		4AC863142B41768F00BF8EEB /* HomeTVC.swift in Sources */ = {isa = PBXBuildFile; fileRef = 4AC863122B41768F00BF8EEB /* HomeTVC.swift */; };
		4AC863152B41768F00BF8EEB /* HomeTVC.xib in Resources */ = {isa = PBXBuildFile; fileRef = 4AC863132B41768F00BF8EEB /* HomeTVC.xib */; };
		4AC863282B41876E00BF8EEB /* InformationWebVC.swift in Sources */ = {isa = PBXBuildFile; fileRef = 4AC863262B41876E00BF8EEB /* InformationWebVC.swift */; };
		4AC863292B41876E00BF8EEB /* InformationWebVC.xib in Resources */ = {isa = PBXBuildFile; fileRef = 4AC863272B41876E00BF8EEB /* InformationWebVC.xib */; };
		4AC8632B2B41887A00BF8EEB /* InformationWebInteractor.swift in Sources */ = {isa = PBXBuildFile; fileRef = 4AC8632A2B41887A00BF8EEB /* InformationWebInteractor.swift */; };
		4AC8632D2B41891E00BF8EEB /* InformationWebPresenter.swift in Sources */ = {isa = PBXBuildFile; fileRef = 4AC8632C2B41891E00BF8EEB /* InformationWebPresenter.swift */; };
		4AC8632F2B41894400BF8EEB /* InformationWebEntity.swift in Sources */ = {isa = PBXBuildFile; fileRef = 4AC8632E2B41894400BF8EEB /* InformationWebEntity.swift */; };
		4AC863312B41895500BF8EEB /* InformationWebRouter.swift in Sources */ = {isa = PBXBuildFile; fileRef = 4AC863302B41895500BF8EEB /* InformationWebRouter.swift */; };
		4AC863332B41897B00BF8EEB /* InformationWebProtocol.swift in Sources */ = {isa = PBXBuildFile; fileRef = 4AC863322B41897B00BF8EEB /* InformationWebProtocol.swift */; };
		4AC8633A2B41B86200BF8EEB /* HomeVC.swift in Sources */ = {isa = PBXBuildFile; fileRef = 4AC863382B41B86200BF8EEB /* HomeVC.swift */; };
		4AC8633B2B41B86200BF8EEB /* HomeVC.xib in Resources */ = {isa = PBXBuildFile; fileRef = 4AC863392B41B86200BF8EEB /* HomeVC.xib */; };
		A328CDA57967594A568E0E39 /* Pods_NewsTests.framework in Frameworks */ = {isa = PBXBuildFile; fileRef = C97CB0C8A572D09741DCD4A9 /* Pods_NewsTests.framework */; };
		BA84788262E068446C119558 /* Pods_News_NewsUITests.framework in Frameworks */ = {isa = PBXBuildFile; fileRef = B772A60C09F8419388839096 /* Pods_News_NewsUITests.framework */; };
/* End PBXBuildFile section */

/* Begin PBXContainerItemProxy section */
		4AA6B70C2B21BF65001A5E48 /* PBXContainerItemProxy */ = {
			isa = PBXContainerItemProxy;
			containerPortal = 4AA6B6ED2B21BF64001A5E48 /* Project object */;
			proxyType = 1;
			remoteGlobalIDString = 4AA6B6F42B21BF64001A5E48;
			remoteInfo = News;
		};
		4AA6B7162B21BF65001A5E48 /* PBXContainerItemProxy */ = {
			isa = PBXContainerItemProxy;
			containerPortal = 4AA6B6ED2B21BF64001A5E48 /* Project object */;
			proxyType = 1;
			remoteGlobalIDString = 4AA6B6F42B21BF64001A5E48;
			remoteInfo = News;
		};
/* End PBXContainerItemProxy section */

/* Begin PBXFileReference section */
		1AC07BF2A13694DDFD99458F /* Pods-News.debug.xcconfig */ = {isa = PBXFileReference; includeInIndex = 1; lastKnownFileType = text.xcconfig; name = "Pods-News.debug.xcconfig"; path = "Target Support Files/Pods-News/Pods-News.debug.xcconfig"; sourceTree = "<group>"; };
		4A805AEB2B34392A00F45CA3 /* HomeProtocol.swift */ = {isa = PBXFileReference; lastKnownFileType = sourcecode.swift; path = HomeProtocol.swift; sourceTree = "<group>"; };
		4A805B0F2B344C5A00F45CA3 /* InformationProtocol.swift */ = {isa = PBXFileReference; lastKnownFileType = sourcecode.swift; path = InformationProtocol.swift; sourceTree = "<group>"; };
		4AA6B6F52B21BF64001A5E48 /* News.app */ = {isa = PBXFileReference; explicitFileType = wrapper.application; includeInIndex = 0; path = News.app; sourceTree = BUILT_PRODUCTS_DIR; };
		4AA6B6F82B21BF64001A5E48 /* AppDelegate.swift */ = {isa = PBXFileReference; lastKnownFileType = sourcecode.swift; path = AppDelegate.swift; sourceTree = "<group>"; };
		4AA6B6FA2B21BF64001A5E48 /* SceneDelegate.swift */ = {isa = PBXFileReference; lastKnownFileType = sourcecode.swift; path = SceneDelegate.swift; sourceTree = "<group>"; };
		4AA6B6FC2B21BF64001A5E48 /* ViewController.swift */ = {isa = PBXFileReference; lastKnownFileType = sourcecode.swift; path = ViewController.swift; sourceTree = "<group>"; };
		4AA6B6FF2B21BF64001A5E48 /* Base */ = {isa = PBXFileReference; lastKnownFileType = file.storyboard; name = Base; path = Base.lproj/Main.storyboard; sourceTree = "<group>"; };
		4AA6B7012B21BF65001A5E48 /* Assets.xcassets */ = {isa = PBXFileReference; lastKnownFileType = folder.assetcatalog; path = Assets.xcassets; sourceTree = "<group>"; };
		4AA6B7042B21BF65001A5E48 /* Base */ = {isa = PBXFileReference; lastKnownFileType = file.storyboard; name = Base; path = Base.lproj/LaunchScreen.storyboard; sourceTree = "<group>"; };
		4AA6B7062B21BF65001A5E48 /* Info.plist */ = {isa = PBXFileReference; lastKnownFileType = text.plist.xml; path = Info.plist; sourceTree = "<group>"; };
		4AA6B70B2B21BF65001A5E48 /* NewsTests.xctest */ = {isa = PBXFileReference; explicitFileType = wrapper.cfbundle; includeInIndex = 0; path = NewsTests.xctest; sourceTree = BUILT_PRODUCTS_DIR; };
		4AA6B70F2B21BF65001A5E48 /* NewsTests.swift */ = {isa = PBXFileReference; lastKnownFileType = sourcecode.swift; path = NewsTests.swift; sourceTree = "<group>"; };
		4AA6B7152B21BF65001A5E48 /* NewsUITests.xctest */ = {isa = PBXFileReference; explicitFileType = wrapper.cfbundle; includeInIndex = 0; path = NewsUITests.xctest; sourceTree = BUILT_PRODUCTS_DIR; };
		4AA6B7192B21BF65001A5E48 /* NewsUITests.swift */ = {isa = PBXFileReference; lastKnownFileType = sourcecode.swift; path = NewsUITests.swift; sourceTree = "<group>"; };
		4AA6B71B2B21BF65001A5E48 /* NewsUITestsLaunchTests.swift */ = {isa = PBXFileReference; lastKnownFileType = sourcecode.swift; path = NewsUITestsLaunchTests.swift; sourceTree = "<group>"; };
		4AA6B7302B21CDA1001A5E48 /* HomeInteractor.swift */ = {isa = PBXFileReference; lastKnownFileType = sourcecode.swift; path = HomeInteractor.swift; sourceTree = "<group>"; };
		4AA6B7322B21CDC1001A5E48 /* HomePresenter.swift */ = {isa = PBXFileReference; lastKnownFileType = sourcecode.swift; path = HomePresenter.swift; sourceTree = "<group>"; };
		4AA6B7342B21CDD5001A5E48 /* HomeRouter.swift */ = {isa = PBXFileReference; lastKnownFileType = sourcecode.swift; path = HomeRouter.swift; sourceTree = "<group>"; };
		4AA6B7372B21CE06001A5E48 /* HomeEntity.swift */ = {isa = PBXFileReference; lastKnownFileType = sourcecode.swift; path = HomeEntity.swift; sourceTree = "<group>"; };
		4AA6B7392B21CE91001A5E48 /* InformationVC.swift */ = {isa = PBXFileReference; lastKnownFileType = sourcecode.swift; path = InformationVC.swift; sourceTree = "<group>"; };
		4AA6B73A2B21CE91001A5E48 /* InformationVC.xib */ = {isa = PBXFileReference; lastKnownFileType = file.xib; path = InformationVC.xib; sourceTree = "<group>"; };
		4AA6B73D2B21CEA7001A5E48 /* InformationInteractor.swift */ = {isa = PBXFileReference; lastKnownFileType = sourcecode.swift; path = InformationInteractor.swift; sourceTree = "<group>"; };
		4AA6B73F2B21CEB8001A5E48 /* InformationPresenter.swift */ = {isa = PBXFileReference; lastKnownFileType = sourcecode.swift; path = InformationPresenter.swift; sourceTree = "<group>"; };
		4AA6B7412B21CECB001A5E48 /* InformationEntity.swift */ = {isa = PBXFileReference; lastKnownFileType = sourcecode.swift; path = InformationEntity.swift; sourceTree = "<group>"; };
		4AA6B7432B21CEDA001A5E48 /* InformationRouter.swift */ = {isa = PBXFileReference; lastKnownFileType = sourcecode.swift; path = InformationRouter.swift; sourceTree = "<group>"; };
		4AA6B75B2B21D4D8001A5E48 /* NavigationBar.swift */ = {isa = PBXFileReference; lastKnownFileType = sourcecode.swift; path = NavigationBar.swift; sourceTree = "<group>"; };
		4AA6B75C2B21D4D8001A5E48 /* NavigationBar.xib */ = {isa = PBXFileReference; lastKnownFileType = file.xib; path = NavigationBar.xib; sourceTree = "<group>"; };
		4AC2F6FC2B4303FA00EE3F39 /* SplashScreenVC.swift */ = {isa = PBXFileReference; lastKnownFileType = sourcecode.swift; path = SplashScreenVC.swift; sourceTree = "<group>"; };
		4AC2F6FD2B4303FA00EE3F39 /* SplashScreenVC.xib */ = {isa = PBXFileReference; lastKnownFileType = file.xib; name = SplashScreenVC.xib; path = ../SplashScreenVC.xib; sourceTree = "<group>"; };
		4AC2F7012B43070800EE3F39 /* SplashScreenInteractor.swift */ = {isa = PBXFileReference; lastKnownFileType = sourcecode.swift; path = SplashScreenInteractor.swift; sourceTree = "<group>"; };
		4AC2F7032B43071C00EE3F39 /* SplashScreenPresenter.swift */ = {isa = PBXFileReference; lastKnownFileType = sourcecode.swift; path = SplashScreenPresenter.swift; sourceTree = "<group>"; };
		4AC2F7052B43072F00EE3F39 /* SplashScreenEntity.swift */ = {isa = PBXFileReference; lastKnownFileType = sourcecode.swift; path = SplashScreenEntity.swift; sourceTree = "<group>"; };
		4AC2F7072B43073D00EE3F39 /* SplashScreenRouter.swift */ = {isa = PBXFileReference; lastKnownFileType = sourcecode.swift; path = SplashScreenRouter.swift; sourceTree = "<group>"; };
		4AC2F7092B43075100EE3F39 /* SplashScreenProtocol.swift */ = {isa = PBXFileReference; lastKnownFileType = sourcecode.swift; path = SplashScreenProtocol.swift; sourceTree = "<group>"; };
		4AC46DC22B352D660024C84E /* Alamofire.framework */ = {isa = PBXFileReference; explicitFileType = wrapper.framework; path = Alamofire.framework; sourceTree = BUILT_PRODUCTS_DIR; };
		4AC46DC32B352D660024C84E /* Kingfisher.framework */ = {isa = PBXFileReference; explicitFileType = wrapper.framework; path = Kingfisher.framework; sourceTree = BUILT_PRODUCTS_DIR; };
		4AC46DC92B352D700024C84E /* SwiftyJSON.framework */ = {isa = PBXFileReference; explicitFileType = wrapper.framework; path = SwiftyJSON.framework; sourceTree = BUILT_PRODUCTS_DIR; };
		4AC46DCC2B3531530024C84E /* Pods_News.framework */ = {isa = PBXFileReference; explicitFileType = wrapper.framework; path = Pods_News.framework; sourceTree = BUILT_PRODUCTS_DIR; };
		4AC863012B416FC500BF8EEB /* Alert.swift */ = {isa = PBXFileReference; lastKnownFileType = sourcecode.swift; path = Alert.swift; sourceTree = "<group>"; };
		4AC863032B416FCF00BF8EEB /* Error.swift */ = {isa = PBXFileReference; lastKnownFileType = sourcecode.swift; path = Error.swift; sourceTree = "<group>"; };
		4AC863052B416FDC00BF8EEB /* Date.swift */ = {isa = PBXFileReference; lastKnownFileType = sourcecode.swift; path = Date.swift; sourceTree = "<group>"; };
		4AC863072B416FF900BF8EEB /* LoadingIndicator.swift */ = {isa = PBXFileReference; lastKnownFileType = sourcecode.swift; path = LoadingIndicator.swift; sourceTree = "<group>"; };
		4AC863122B41768F00BF8EEB /* HomeTVC.swift */ = {isa = PBXFileReference; lastKnownFileType = sourcecode.swift; path = HomeTVC.swift; sourceTree = "<group>"; };
		4AC863132B41768F00BF8EEB /* HomeTVC.xib */ = {isa = PBXFileReference; lastKnownFileType = file.xib; path = HomeTVC.xib; sourceTree = "<group>"; };
		4AC863262B41876E00BF8EEB /* InformationWebVC.swift */ = {isa = PBXFileReference; lastKnownFileType = sourcecode.swift; path = InformationWebVC.swift; sourceTree = "<group>"; };
		4AC863272B41876E00BF8EEB /* InformationWebVC.xib */ = {isa = PBXFileReference; lastKnownFileType = file.xib; path = InformationWebVC.xib; sourceTree = "<group>"; };
		4AC8632A2B41887A00BF8EEB /* InformationWebInteractor.swift */ = {isa = PBXFileReference; lastKnownFileType = sourcecode.swift; path = InformationWebInteractor.swift; sourceTree = "<group>"; };
		4AC8632C2B41891E00BF8EEB /* InformationWebPresenter.swift */ = {isa = PBXFileReference; lastKnownFileType = sourcecode.swift; path = InformationWebPresenter.swift; sourceTree = "<group>"; };
		4AC8632E2B41894400BF8EEB /* InformationWebEntity.swift */ = {isa = PBXFileReference; lastKnownFileType = sourcecode.swift; path = InformationWebEntity.swift; sourceTree = "<group>"; };
		4AC863302B41895500BF8EEB /* InformationWebRouter.swift */ = {isa = PBXFileReference; lastKnownFileType = sourcecode.swift; path = InformationWebRouter.swift; sourceTree = "<group>"; };
		4AC863322B41897B00BF8EEB /* InformationWebProtocol.swift */ = {isa = PBXFileReference; lastKnownFileType = sourcecode.swift; path = InformationWebProtocol.swift; sourceTree = "<group>"; };
		4AC863382B41B86200BF8EEB /* HomeVC.swift */ = {isa = PBXFileReference; lastKnownFileType = sourcecode.swift; path = HomeVC.swift; sourceTree = "<group>"; };
		4AC863392B41B86200BF8EEB /* HomeVC.xib */ = {isa = PBXFileReference; lastKnownFileType = file.xib; path = HomeVC.xib; sourceTree = "<group>"; };
		4CEAB2BEA488EE21C0A37C53 /* Pods-News.release.xcconfig */ = {isa = PBXFileReference; includeInIndex = 1; lastKnownFileType = text.xcconfig; name = "Pods-News.release.xcconfig"; path = "Target Support Files/Pods-News/Pods-News.release.xcconfig"; sourceTree = "<group>"; };
		6EFB88CE7F17A87097F23111 /* Pods-News-NewsUITests.release.xcconfig */ = {isa = PBXFileReference; includeInIndex = 1; lastKnownFileType = text.xcconfig; name = "Pods-News-NewsUITests.release.xcconfig"; path = "Target Support Files/Pods-News-NewsUITests/Pods-News-NewsUITests.release.xcconfig"; sourceTree = "<group>"; };
		B772A60C09F8419388839096 /* Pods_News_NewsUITests.framework */ = {isa = PBXFileReference; explicitFileType = wrapper.framework; includeInIndex = 0; path = Pods_News_NewsUITests.framework; sourceTree = BUILT_PRODUCTS_DIR; };
		BD536274F86AD6D2DF7C9080 /* Pods_News.framework */ = {isa = PBXFileReference; explicitFileType = wrapper.framework; includeInIndex = 0; path = Pods_News.framework; sourceTree = BUILT_PRODUCTS_DIR; };
		C97CB0C8A572D09741DCD4A9 /* Pods_NewsTests.framework */ = {isa = PBXFileReference; explicitFileType = wrapper.framework; includeInIndex = 0; path = Pods_NewsTests.framework; sourceTree = BUILT_PRODUCTS_DIR; };
		E3E502C53DE25CBCB34DCB2A /* Pods-News-NewsUITests.debug.xcconfig */ = {isa = PBXFileReference; includeInIndex = 1; lastKnownFileType = text.xcconfig; name = "Pods-News-NewsUITests.debug.xcconfig"; path = "Target Support Files/Pods-News-NewsUITests/Pods-News-NewsUITests.debug.xcconfig"; sourceTree = "<group>"; };
		E9D615782140D3223C0B0391 /* Pods-NewsTests.release.xcconfig */ = {isa = PBXFileReference; includeInIndex = 1; lastKnownFileType = text.xcconfig; name = "Pods-NewsTests.release.xcconfig"; path = "Target Support Files/Pods-NewsTests/Pods-NewsTests.release.xcconfig"; sourceTree = "<group>"; };
		F20458C8F44874609ED37F9F /* Pods-NewsTests.debug.xcconfig */ = {isa = PBXFileReference; includeInIndex = 1; lastKnownFileType = text.xcconfig; name = "Pods-NewsTests.debug.xcconfig"; path = "Target Support Files/Pods-NewsTests/Pods-NewsTests.debug.xcconfig"; sourceTree = "<group>"; };
/* End PBXFileReference section */

/* Begin PBXFrameworksBuildPhase section */
		4AA6B6F22B21BF64001A5E48 /* Frameworks */ = {
			isa = PBXFrameworksBuildPhase;
			buildActionMask = 2147483647;
			files = (
				4AC46DCD2B3531530024C84E /* Pods_News.framework in Frameworks */,
			);
			runOnlyForDeploymentPostprocessing = 0;
		};
		4AA6B7082B21BF65001A5E48 /* Frameworks */ = {
			isa = PBXFrameworksBuildPhase;
			buildActionMask = 2147483647;
			files = (
				A328CDA57967594A568E0E39 /* Pods_NewsTests.framework in Frameworks */,
			);
			runOnlyForDeploymentPostprocessing = 0;
		};
		4AA6B7122B21BF65001A5E48 /* Frameworks */ = {
			isa = PBXFrameworksBuildPhase;
			buildActionMask = 2147483647;
			files = (
				BA84788262E068446C119558 /* Pods_News_NewsUITests.framework in Frameworks */,
			);
			runOnlyForDeploymentPostprocessing = 0;
		};
/* End PBXFrameworksBuildPhase section */

/* Begin PBXGroup section */
		3A15FD9E0F9D5834A7F1BD94 /* Frameworks */ = {
			isa = PBXGroup;
			children = (
				4AC46DCC2B3531530024C84E /* Pods_News.framework */,
				4AC46DC92B352D700024C84E /* SwiftyJSON.framework */,
				4AC46DC22B352D660024C84E /* Alamofire.framework */,
				4AC46DC32B352D660024C84E /* Kingfisher.framework */,
				BD536274F86AD6D2DF7C9080 /* Pods_News.framework */,
				B772A60C09F8419388839096 /* Pods_News_NewsUITests.framework */,
				C97CB0C8A572D09741DCD4A9 /* Pods_NewsTests.framework */,
			);
			name = Frameworks;
			sourceTree = "<group>";
		};
		4AA6B6EC2B21BF64001A5E48 = {
			isa = PBXGroup;
			children = (
				4AA6B6F72B21BF64001A5E48 /* News */,
				4AA6B70E2B21BF65001A5E48 /* NewsTests */,
				4AA6B7182B21BF65001A5E48 /* NewsUITests */,
				4AA6B6F62B21BF64001A5E48 /* Products */,
				5EBD62AE0CDF6697C3A09A1C /* Pods */,
				3A15FD9E0F9D5834A7F1BD94 /* Frameworks */,
			);
			sourceTree = "<group>";
		};
		4AA6B6F62B21BF64001A5E48 /* Products */ = {
			isa = PBXGroup;
			children = (
				4AA6B6F52B21BF64001A5E48 /* News.app */,
				4AA6B70B2B21BF65001A5E48 /* NewsTests.xctest */,
				4AA6B7152B21BF65001A5E48 /* NewsUITests.xctest */,
			);
			name = Products;
			sourceTree = "<group>";
		};
		4AA6B6F72B21BF64001A5E48 /* News */ = {
			isa = PBXGroup;
			children = (
				4AA6B6F82B21BF64001A5E48 /* AppDelegate.swift */,
				4AA6B6FA2B21BF64001A5E48 /* SceneDelegate.swift */,
				4AA6B6FC2B21BF64001A5E48 /* ViewController.swift */,
				4AA6B6FE2B21BF64001A5E48 /* Main.storyboard */,
				4AA6B7012B21BF65001A5E48 /* Assets.xcassets */,
				4AA6B7032B21BF65001A5E48 /* LaunchScreen.storyboard */,
				4AA6B7062B21BF65001A5E48 /* Info.plist */,
				4AC2F7002B4306DE00EE3F39 /* Splash Screen */,
				4AA6B7362B21CDEF001A5E48 /* Home */,
				4AA6B7452B21CEE9001A5E48 /* Information */,
				4AA6B74B2B21CF8E001A5E48 /* NavigationBar */,
				4AA6B7502B21CFD1001A5E48 /* Cell */,
				4AC863002B416F9B00BF8EEB /* InformationWeb */,
				4AC863092B4170FD00BF8EEB /* Common */,
			);
			path = News;
			sourceTree = "<group>";
		};
		4AA6B70E2B21BF65001A5E48 /* NewsTests */ = {
			isa = PBXGroup;
			children = (
				4AA6B70F2B21BF65001A5E48 /* NewsTests.swift */,
			);
			path = NewsTests;
			sourceTree = "<group>";
		};
		4AA6B7182B21BF65001A5E48 /* NewsUITests */ = {
			isa = PBXGroup;
			children = (
				4AA6B7192B21BF65001A5E48 /* NewsUITests.swift */,
				4AA6B71B2B21BF65001A5E48 /* NewsUITestsLaunchTests.swift */,
			);
			path = NewsUITests;
			sourceTree = "<group>";
		};
		4AA6B7362B21CDEF001A5E48 /* Home */ = {
			isa = PBXGroup;
			children = (
				4A805AEB2B34392A00F45CA3 /* HomeProtocol.swift */,
				4AA6B7302B21CDA1001A5E48 /* HomeInteractor.swift */,
				4AA6B7322B21CDC1001A5E48 /* HomePresenter.swift */,
				4AA6B7342B21CDD5001A5E48 /* HomeRouter.swift */,
				4AA6B7372B21CE06001A5E48 /* HomeEntity.swift */,
				4AC863382B41B86200BF8EEB /* HomeVC.swift */,
				4AC863392B41B86200BF8EEB /* HomeVC.xib */,
			);
			path = Home;
			sourceTree = "<group>";
		};
		4AA6B7452B21CEE9001A5E48 /* Information */ = {
			isa = PBXGroup;
			children = (
				4AA6B7392B21CE91001A5E48 /* InformationVC.swift */,
				4AA6B73A2B21CE91001A5E48 /* InformationVC.xib */,
				4AA6B73D2B21CEA7001A5E48 /* InformationInteractor.swift */,
				4AA6B73F2B21CEB8001A5E48 /* InformationPresenter.swift */,
				4AA6B7412B21CECB001A5E48 /* InformationEntity.swift */,
				4AA6B7432B21CEDA001A5E48 /* InformationRouter.swift */,
				4A805B0F2B344C5A00F45CA3 /* InformationProtocol.swift */,
			);
			path = Information;
			sourceTree = "<group>";
		};
		4AA6B74B2B21CF8E001A5E48 /* NavigationBar */ = {
			isa = PBXGroup;
			children = (
				4AA6B75B2B21D4D8001A5E48 /* NavigationBar.swift */,
				4AA6B75C2B21D4D8001A5E48 /* NavigationBar.xib */,
			);
			path = NavigationBar;
			sourceTree = "<group>";
		};
		4AA6B7502B21CFD1001A5E48 /* Cell */ = {
			isa = PBXGroup;
			children = (
				4AC863122B41768F00BF8EEB /* HomeTVC.swift */,
				4AC863132B41768F00BF8EEB /* HomeTVC.xib */,
			);
			path = Cell;
			sourceTree = "<group>";
		};
		4AC2F7002B4306DE00EE3F39 /* Splash Screen */ = {
			isa = PBXGroup;
			children = (
				4AC2F6FC2B4303FA00EE3F39 /* SplashScreenVC.swift */,
				4AC2F6FD2B4303FA00EE3F39 /* SplashScreenVC.xib */,
				4AC2F7012B43070800EE3F39 /* SplashScreenInteractor.swift */,
				4AC2F7032B43071C00EE3F39 /* SplashScreenPresenter.swift */,
				4AC2F7052B43072F00EE3F39 /* SplashScreenEntity.swift */,
				4AC2F7072B43073D00EE3F39 /* SplashScreenRouter.swift */,
				4AC2F7092B43075100EE3F39 /* SplashScreenProtocol.swift */,
			);
			path = "Splash Screen";
			sourceTree = "<group>";
		};
		4AC863002B416F9B00BF8EEB /* InformationWeb */ = {
			isa = PBXGroup;
			children = (
				4AC863262B41876E00BF8EEB /* InformationWebVC.swift */,
				4AC863272B41876E00BF8EEB /* InformationWebVC.xib */,
				4AC8632A2B41887A00BF8EEB /* InformationWebInteractor.swift */,
				4AC8632C2B41891E00BF8EEB /* InformationWebPresenter.swift */,
				4AC8632E2B41894400BF8EEB /* InformationWebEntity.swift */,
				4AC863302B41895500BF8EEB /* InformationWebRouter.swift */,
				4AC863322B41897B00BF8EEB /* InformationWebProtocol.swift */,
			);
			path = InformationWeb;
			sourceTree = "<group>";
		};
		4AC863092B4170FD00BF8EEB /* Common */ = {
			isa = PBXGroup;
			children = (
				4AC863012B416FC500BF8EEB /* Alert.swift */,
				4AC863052B416FDC00BF8EEB /* Date.swift */,
				4AC863032B416FCF00BF8EEB /* Error.swift */,
				4AC863072B416FF900BF8EEB /* LoadingIndicator.swift */,
			);
			path = Common;
			sourceTree = "<group>";
		};
		5EBD62AE0CDF6697C3A09A1C /* Pods */ = {
			isa = PBXGroup;
			children = (
				1AC07BF2A13694DDFD99458F /* Pods-News.debug.xcconfig */,
				4CEAB2BEA488EE21C0A37C53 /* Pods-News.release.xcconfig */,
				E3E502C53DE25CBCB34DCB2A /* Pods-News-NewsUITests.debug.xcconfig */,
				6EFB88CE7F17A87097F23111 /* Pods-News-NewsUITests.release.xcconfig */,
				F20458C8F44874609ED37F9F /* Pods-NewsTests.debug.xcconfig */,
				E9D615782140D3223C0B0391 /* Pods-NewsTests.release.xcconfig */,
			);
			path = Pods;
			sourceTree = "<group>";
		};
/* End PBXGroup section */

/* Begin PBXNativeTarget section */
		4AA6B6F42B21BF64001A5E48 /* News */ = {
			isa = PBXNativeTarget;
			buildConfigurationList = 4AA6B71F2B21BF65001A5E48 /* Build configuration list for PBXNativeTarget "News" */;
			buildPhases = (
				8AC6C78A68D2D821B760AFEF /* [CP] Check Pods Manifest.lock */,
				4AA6B6F12B21BF64001A5E48 /* Sources */,
				4AA6B6F22B21BF64001A5E48 /* Frameworks */,
				4AA6B6F32B21BF64001A5E48 /* Resources */,
				9B43F3264BC5471C8AE75521 /* [CP] Embed Pods Frameworks */,
			);
			buildRules = (
			);
			dependencies = (
			);
			name = News;
			productName = News;
			productReference = 4AA6B6F52B21BF64001A5E48 /* News.app */;
			productType = "com.apple.product-type.application";
		};
		4AA6B70A2B21BF65001A5E48 /* NewsTests */ = {
			isa = PBXNativeTarget;
			buildConfigurationList = 4AA6B7222B21BF65001A5E48 /* Build configuration list for PBXNativeTarget "NewsTests" */;
			buildPhases = (
				F72D46F1063319FF8A101EFD /* [CP] Check Pods Manifest.lock */,
				4AA6B7072B21BF65001A5E48 /* Sources */,
				4AA6B7082B21BF65001A5E48 /* Frameworks */,
				4AA6B7092B21BF65001A5E48 /* Resources */,
			);
			buildRules = (
			);
			dependencies = (
				4AA6B70D2B21BF65001A5E48 /* PBXTargetDependency */,
			);
			name = NewsTests;
			productName = NewsTests;
			productReference = 4AA6B70B2B21BF65001A5E48 /* NewsTests.xctest */;
			productType = "com.apple.product-type.bundle.unit-test";
		};
		4AA6B7142B21BF65001A5E48 /* NewsUITests */ = {
			isa = PBXNativeTarget;
			buildConfigurationList = 4AA6B7252B21BF65001A5E48 /* Build configuration list for PBXNativeTarget "NewsUITests" */;
			buildPhases = (
				7D41056906FEA36D340E9712 /* [CP] Check Pods Manifest.lock */,
				4AA6B7112B21BF65001A5E48 /* Sources */,
				4AA6B7122B21BF65001A5E48 /* Frameworks */,
				4AA6B7132B21BF65001A5E48 /* Resources */,
				61C22A9065513C50C0927A8B /* [CP] Embed Pods Frameworks */,
			);
			buildRules = (
			);
			dependencies = (
				4AA6B7172B21BF65001A5E48 /* PBXTargetDependency */,
			);
			name = NewsUITests;
			productName = NewsUITests;
			productReference = 4AA6B7152B21BF65001A5E48 /* NewsUITests.xctest */;
			productType = "com.apple.product-type.bundle.ui-testing";
		};
/* End PBXNativeTarget section */

/* Begin PBXProject section */
		4AA6B6ED2B21BF64001A5E48 /* Project object */ = {
			isa = PBXProject;
			attributes = {
				BuildIndependentTargetsInParallel = 1;
				LastSwiftUpdateCheck = 1500;
				LastUpgradeCheck = 1500;
				TargetAttributes = {
					4AA6B6F42B21BF64001A5E48 = {
						CreatedOnToolsVersion = 15.0.1;
					};
					4AA6B70A2B21BF65001A5E48 = {
						CreatedOnToolsVersion = 15.0.1;
						TestTargetID = 4AA6B6F42B21BF64001A5E48;
					};
					4AA6B7142B21BF65001A5E48 = {
						CreatedOnToolsVersion = 15.0.1;
						TestTargetID = 4AA6B6F42B21BF64001A5E48;
					};
				};
			};
			buildConfigurationList = 4AA6B6F02B21BF64001A5E48 /* Build configuration list for PBXProject "News" */;
			compatibilityVersion = "Xcode 14.0";
			developmentRegion = en;
			hasScannedForEncodings = 0;
			knownRegions = (
				en,
				Base,
			);
			mainGroup = 4AA6B6EC2B21BF64001A5E48;
			productRefGroup = 4AA6B6F62B21BF64001A5E48 /* Products */;
			projectDirPath = "";
			projectRoot = "";
			targets = (
				4AA6B6F42B21BF64001A5E48 /* News */,
				4AA6B70A2B21BF65001A5E48 /* NewsTests */,
				4AA6B7142B21BF65001A5E48 /* NewsUITests */,
			);
		};
/* End PBXProject section */

/* Begin PBXResourcesBuildPhase section */
		4AA6B6F32B21BF64001A5E48 /* Resources */ = {
			isa = PBXResourcesBuildPhase;
			buildActionMask = 2147483647;
			files = (
				4AA6B7052B21BF65001A5E48 /* LaunchScreen.storyboard in Resources */,
				4AA6B73C2B21CE91001A5E48 /* InformationVC.xib in Resources */,
				4AC863152B41768F00BF8EEB /* HomeTVC.xib in Resources */,
				4AA6B75E2B21D4D8001A5E48 /* NavigationBar.xib in Resources */,
				4AA6B7022B21BF65001A5E48 /* Assets.xcassets in Resources */,
				4AC8633B2B41B86200BF8EEB /* HomeVC.xib in Resources */,
				4AA6B7002B21BF64001A5E48 /* Main.storyboard in Resources */,
				4AC863292B41876E00BF8EEB /* InformationWebVC.xib in Resources */,
				4AC2F6FF2B4303FA00EE3F39 /* SplashScreenVC.xib in Resources */,
			);
			runOnlyForDeploymentPostprocessing = 0;
		};
		4AA6B7092B21BF65001A5E48 /* Resources */ = {
			isa = PBXResourcesBuildPhase;
			buildActionMask = 2147483647;
			files = (
			);
			runOnlyForDeploymentPostprocessing = 0;
		};
		4AA6B7132B21BF65001A5E48 /* Resources */ = {
			isa = PBXResourcesBuildPhase;
			buildActionMask = 2147483647;
			files = (
			);
			runOnlyForDeploymentPostprocessing = 0;
		};
/* End PBXResourcesBuildPhase section */

/* Begin PBXShellScriptBuildPhase section */
		61C22A9065513C50C0927A8B /* [CP] Embed Pods Frameworks */ = {
			isa = PBXShellScriptBuildPhase;
			buildActionMask = 2147483647;
			files = (
			);
			inputFileListPaths = (
				"${PODS_ROOT}/Target Support Files/Pods-News-NewsUITests/Pods-News-NewsUITests-frameworks-${CONFIGURATION}-input-files.xcfilelist",
			);
			name = "[CP] Embed Pods Frameworks";
			outputFileListPaths = (
				"${PODS_ROOT}/Target Support Files/Pods-News-NewsUITests/Pods-News-NewsUITests-frameworks-${CONFIGURATION}-output-files.xcfilelist",
			);
			runOnlyForDeploymentPostprocessing = 0;
			shellPath = /bin/sh;
			shellScript = "\"${PODS_ROOT}/Target Support Files/Pods-News-NewsUITests/Pods-News-NewsUITests-frameworks.sh\"\n";
			showEnvVarsInLog = 0;
		};
		7D41056906FEA36D340E9712 /* [CP] Check Pods Manifest.lock */ = {
			isa = PBXShellScriptBuildPhase;
			buildActionMask = 2147483647;
			files = (
			);
			inputFileListPaths = (
			);
			inputPaths = (
				"${PODS_PODFILE_DIR_PATH}/Podfile.lock",
				"${PODS_ROOT}/Manifest.lock",
			);
			name = "[CP] Check Pods Manifest.lock";
			outputFileListPaths = (
			);
			outputPaths = (
				"$(DERIVED_FILE_DIR)/Pods-News-NewsUITests-checkManifestLockResult.txt",
			);
			runOnlyForDeploymentPostprocessing = 0;
			shellPath = /bin/sh;
			shellScript = "diff \"${PODS_PODFILE_DIR_PATH}/Podfile.lock\" \"${PODS_ROOT}/Manifest.lock\" > /dev/null\nif [ $? != 0 ] ; then\n    # print error to STDERR\n    echo \"error: The sandbox is not in sync with the Podfile.lock. Run 'pod install' or update your CocoaPods installation.\" >&2\n    exit 1\nfi\n# This output is used by Xcode 'outputs' to avoid re-running this script phase.\necho \"SUCCESS\" > \"${SCRIPT_OUTPUT_FILE_0}\"\n";
			showEnvVarsInLog = 0;
		};
		8AC6C78A68D2D821B760AFEF /* [CP] Check Pods Manifest.lock */ = {
			isa = PBXShellScriptBuildPhase;
			buildActionMask = 2147483647;
			files = (
			);
			inputFileListPaths = (
			);
			inputPaths = (
				"${PODS_PODFILE_DIR_PATH}/Podfile.lock",
				"${PODS_ROOT}/Manifest.lock",
			);
			name = "[CP] Check Pods Manifest.lock";
			outputFileListPaths = (
			);
			outputPaths = (
				"$(DERIVED_FILE_DIR)/Pods-News-checkManifestLockResult.txt",
			);
			runOnlyForDeploymentPostprocessing = 0;
			shellPath = /bin/sh;
			shellScript = "diff \"${PODS_PODFILE_DIR_PATH}/Podfile.lock\" \"${PODS_ROOT}/Manifest.lock\" > /dev/null\nif [ $? != 0 ] ; then\n    # print error to STDERR\n    echo \"error: The sandbox is not in sync with the Podfile.lock. Run 'pod install' or update your CocoaPods installation.\" >&2\n    exit 1\nfi\n# This output is used by Xcode 'outputs' to avoid re-running this script phase.\necho \"SUCCESS\" > \"${SCRIPT_OUTPUT_FILE_0}\"\n";
			showEnvVarsInLog = 0;
		};
		9B43F3264BC5471C8AE75521 /* [CP] Embed Pods Frameworks */ = {
			isa = PBXShellScriptBuildPhase;
			buildActionMask = 2147483647;
			files = (
			);
			inputFileListPaths = (
				"${PODS_ROOT}/Target Support Files/Pods-News/Pods-News-frameworks-${CONFIGURATION}-input-files.xcfilelist",
			);
			name = "[CP] Embed Pods Frameworks";
			outputFileListPaths = (
				"${PODS_ROOT}/Target Support Files/Pods-News/Pods-News-frameworks-${CONFIGURATION}-output-files.xcfilelist",
			);
			runOnlyForDeploymentPostprocessing = 0;
			shellPath = /bin/sh;
			shellScript = "\"${PODS_ROOT}/Target Support Files/Pods-News/Pods-News-frameworks.sh\"\n";
			showEnvVarsInLog = 0;
		};
		F72D46F1063319FF8A101EFD /* [CP] Check Pods Manifest.lock */ = {
			isa = PBXShellScriptBuildPhase;
			buildActionMask = 2147483647;
			files = (
			);
			inputFileListPaths = (
			);
			inputPaths = (
				"${PODS_PODFILE_DIR_PATH}/Podfile.lock",
				"${PODS_ROOT}/Manifest.lock",
			);
			name = "[CP] Check Pods Manifest.lock";
			outputFileListPaths = (
			);
			outputPaths = (
				"$(DERIVED_FILE_DIR)/Pods-NewsTests-checkManifestLockResult.txt",
			);
			runOnlyForDeploymentPostprocessing = 0;
			shellPath = /bin/sh;
			shellScript = "diff \"${PODS_PODFILE_DIR_PATH}/Podfile.lock\" \"${PODS_ROOT}/Manifest.lock\" > /dev/null\nif [ $? != 0 ] ; then\n    # print error to STDERR\n    echo \"error: The sandbox is not in sync with the Podfile.lock. Run 'pod install' or update your CocoaPods installation.\" >&2\n    exit 1\nfi\n# This output is used by Xcode 'outputs' to avoid re-running this script phase.\necho \"SUCCESS\" > \"${SCRIPT_OUTPUT_FILE_0}\"\n";
			showEnvVarsInLog = 0;
		};
/* End PBXShellScriptBuildPhase section */

/* Begin PBXSourcesBuildPhase section */
		4AA6B6F12B21BF64001A5E48 /* Sources */ = {
			isa = PBXSourcesBuildPhase;
			buildActionMask = 2147483647;
			files = (
				4AC8632B2B41887A00BF8EEB /* InformationWebInteractor.swift in Sources */,
				4AC863082B416FF900BF8EEB /* LoadingIndicator.swift in Sources */,
				4AC8632F2B41894400BF8EEB /* InformationWebEntity.swift in Sources */,
				4AC8633A2B41B86200BF8EEB /* HomeVC.swift in Sources */,
				4AA6B7442B21CEDA001A5E48 /* InformationRouter.swift in Sources */,
				4AC2F7042B43071C00EE3F39 /* SplashScreenPresenter.swift in Sources */,
				4AC2F70A2B43075100EE3F39 /* SplashScreenProtocol.swift in Sources */,
				4AA6B6FD2B21BF64001A5E48 /* ViewController.swift in Sources */,
				4AC8632D2B41891E00BF8EEB /* InformationWebPresenter.swift in Sources */,
				4AC2F7022B43070800EE3F39 /* SplashScreenInteractor.swift in Sources */,
				4AC863282B41876E00BF8EEB /* InformationWebVC.swift in Sources */,
				4AA6B7422B21CECB001A5E48 /* InformationEntity.swift in Sources */,
				4AA6B7382B21CE06001A5E48 /* HomeEntity.swift in Sources */,
				4AA6B75D2B21D4D8001A5E48 /* NavigationBar.swift in Sources */,
				4AC863022B416FC500BF8EEB /* Alert.swift in Sources */,
				4A805B102B344C5A00F45CA3 /* InformationProtocol.swift in Sources */,
				4AC863312B41895500BF8EEB /* InformationWebRouter.swift in Sources */,
				4AA6B73E2B21CEA7001A5E48 /* InformationInteractor.swift in Sources */,
				4AC863062B416FDC00BF8EEB /* Date.swift in Sources */,
				4AC2F6FE2B4303FA00EE3F39 /* SplashScreenVC.swift in Sources */,
				4AC863332B41897B00BF8EEB /* InformationWebProtocol.swift in Sources */,
				4A805AEC2B34392A00F45CA3 /* HomeProtocol.swift in Sources */,
				4AA6B7352B21CDD5001A5E48 /* HomeRouter.swift in Sources */,
				4AA6B7402B21CEB8001A5E48 /* InformationPresenter.swift in Sources */,
				4AA6B73B2B21CE91001A5E48 /* InformationVC.swift in Sources */,
				4AA6B6F92B21BF64001A5E48 /* AppDelegate.swift in Sources */,
				4AC863142B41768F00BF8EEB /* HomeTVC.swift in Sources */,
				4AA6B7332B21CDC1001A5E48 /* HomePresenter.swift in Sources */,
				4AA6B7312B21CDA1001A5E48 /* HomeInteractor.swift in Sources */,
				4AC863042B416FCF00BF8EEB /* Error.swift in Sources */,
				4AC2F7062B43072F00EE3F39 /* SplashScreenEntity.swift in Sources */,
				4AA6B6FB2B21BF64001A5E48 /* SceneDelegate.swift in Sources */,
				4AC2F7082B43073D00EE3F39 /* SplashScreenRouter.swift in Sources */,
			);
			runOnlyForDeploymentPostprocessing = 0;
		};
		4AA6B7072B21BF65001A5E48 /* Sources */ = {
			isa = PBXSourcesBuildPhase;
			buildActionMask = 2147483647;
			files = (
				4AA6B7102B21BF65001A5E48 /* NewsTests.swift in Sources */,
			);
			runOnlyForDeploymentPostprocessing = 0;
		};
		4AA6B7112B21BF65001A5E48 /* Sources */ = {
			isa = PBXSourcesBuildPhase;
			buildActionMask = 2147483647;
			files = (
				4AA6B71A2B21BF65001A5E48 /* NewsUITests.swift in Sources */,
				4AA6B71C2B21BF65001A5E48 /* NewsUITestsLaunchTests.swift in Sources */,
			);
			runOnlyForDeploymentPostprocessing = 0;
		};
/* End PBXSourcesBuildPhase section */

/* Begin PBXTargetDependency section */
		4AA6B70D2B21BF65001A5E48 /* PBXTargetDependency */ = {
			isa = PBXTargetDependency;
			target = 4AA6B6F42B21BF64001A5E48 /* News */;
			targetProxy = 4AA6B70C2B21BF65001A5E48 /* PBXContainerItemProxy */;
		};
		4AA6B7172B21BF65001A5E48 /* PBXTargetDependency */ = {
			isa = PBXTargetDependency;
			target = 4AA6B6F42B21BF64001A5E48 /* News */;
			targetProxy = 4AA6B7162B21BF65001A5E48 /* PBXContainerItemProxy */;
		};
/* End PBXTargetDependency section */

/* Begin PBXVariantGroup section */
		4AA6B6FE2B21BF64001A5E48 /* Main.storyboard */ = {
			isa = PBXVariantGroup;
			children = (
				4AA6B6FF2B21BF64001A5E48 /* Base */,
			);
			name = Main.storyboard;
			sourceTree = "<group>";
		};
		4AA6B7032B21BF65001A5E48 /* LaunchScreen.storyboard */ = {
			isa = PBXVariantGroup;
			children = (
				4AA6B7042B21BF65001A5E48 /* Base */,
			);
			name = LaunchScreen.storyboard;
			sourceTree = "<group>";
		};
/* End PBXVariantGroup section */

/* Begin XCBuildConfiguration section */
		4AA6B71D2B21BF65001A5E48 /* Debug */ = {
			isa = XCBuildConfiguration;
			buildSettings = {
				ALWAYS_SEARCH_USER_PATHS = NO;
				ASSETCATALOG_COMPILER_GENERATE_SWIFT_ASSET_SYMBOL_EXTENSIONS = YES;
				CLANG_ANALYZER_NONNULL = YES;
				CLANG_ANALYZER_NUMBER_OBJECT_CONVERSION = YES_AGGRESSIVE;
				CLANG_CXX_LANGUAGE_STANDARD = "gnu++20";
				CLANG_ENABLE_MODULES = YES;
				CLANG_ENABLE_OBJC_ARC = YES;
				CLANG_ENABLE_OBJC_WEAK = YES;
				CLANG_WARN_BLOCK_CAPTURE_AUTORELEASING = YES;
				CLANG_WARN_BOOL_CONVERSION = YES;
				CLANG_WARN_COMMA = YES;
				CLANG_WARN_CONSTANT_CONVERSION = YES;
				CLANG_WARN_DEPRECATED_OBJC_IMPLEMENTATIONS = YES;
				CLANG_WARN_DIRECT_OBJC_ISA_USAGE = YES_ERROR;
				CLANG_WARN_DOCUMENTATION_COMMENTS = YES;
				CLANG_WARN_EMPTY_BODY = YES;
				CLANG_WARN_ENUM_CONVERSION = YES;
				CLANG_WARN_INFINITE_RECURSION = YES;
				CLANG_WARN_INT_CONVERSION = YES;
				CLANG_WARN_NON_LITERAL_NULL_CONVERSION = YES;
				CLANG_WARN_OBJC_IMPLICIT_RETAIN_SELF = YES;
				CLANG_WARN_OBJC_LITERAL_CONVERSION = YES;
				CLANG_WARN_OBJC_ROOT_CLASS = YES_ERROR;
				CLANG_WARN_QUOTED_INCLUDE_IN_FRAMEWORK_HEADER = YES;
				CLANG_WARN_RANGE_LOOP_ANALYSIS = YES;
				CLANG_WARN_STRICT_PROTOTYPES = YES;
				CLANG_WARN_SUSPICIOUS_MOVE = YES;
				CLANG_WARN_UNGUARDED_AVAILABILITY = YES_AGGRESSIVE;
				CLANG_WARN_UNREACHABLE_CODE = YES;
				CLANG_WARN__DUPLICATE_METHOD_MATCH = YES;
				COPY_PHASE_STRIP = NO;
				DEBUG_INFORMATION_FORMAT = dwarf;
				ENABLE_APP_SANDBOX = NO;
				ENABLE_STRICT_OBJC_MSGSEND = YES;
				ENABLE_TESTABILITY = YES;
				ENABLE_USER_SCRIPT_SANDBOXING = NO;
				GCC_C_LANGUAGE_STANDARD = gnu17;
				GCC_DYNAMIC_NO_PIC = NO;
				GCC_NO_COMMON_BLOCKS = YES;
				GCC_OPTIMIZATION_LEVEL = 0;
				GCC_PREPROCESSOR_DEFINITIONS = (
					"DEBUG=1",
					"$(inherited)",
				);
				GCC_WARN_64_TO_32_BIT_CONVERSION = YES;
				GCC_WARN_ABOUT_RETURN_TYPE = YES_ERROR;
				GCC_WARN_UNDECLARED_SELECTOR = YES;
				GCC_WARN_UNINITIALIZED_AUTOS = YES_AGGRESSIVE;
				GCC_WARN_UNUSED_FUNCTION = YES;
				GCC_WARN_UNUSED_VARIABLE = YES;
				IPHONEOS_DEPLOYMENT_TARGET = 17.0;
				LOCALIZATION_PREFERS_STRING_CATALOGS = YES;
				MTL_ENABLE_DEBUG_INFO = INCLUDE_SOURCE;
				MTL_FAST_MATH = YES;
				ONLY_ACTIVE_ARCH = YES;
				SDKROOT = iphoneos;
				SWIFT_ACTIVE_COMPILATION_CONDITIONS = "DEBUG $(inherited)";
				SWIFT_OPTIMIZATION_LEVEL = "-Onone";
			};
			name = Debug;
		};
		4AA6B71E2B21BF65001A5E48 /* Release */ = {
			isa = XCBuildConfiguration;
			buildSettings = {
				ALWAYS_SEARCH_USER_PATHS = NO;
				ASSETCATALOG_COMPILER_GENERATE_SWIFT_ASSET_SYMBOL_EXTENSIONS = YES;
				CLANG_ANALYZER_NONNULL = YES;
				CLANG_ANALYZER_NUMBER_OBJECT_CONVERSION = YES_AGGRESSIVE;
				CLANG_CXX_LANGUAGE_STANDARD = "gnu++20";
				CLANG_ENABLE_MODULES = YES;
				CLANG_ENABLE_OBJC_ARC = YES;
				CLANG_ENABLE_OBJC_WEAK = YES;
				CLANG_WARN_BLOCK_CAPTURE_AUTORELEASING = YES;
				CLANG_WARN_BOOL_CONVERSION = YES;
				CLANG_WARN_COMMA = YES;
				CLANG_WARN_CONSTANT_CONVERSION = YES;
				CLANG_WARN_DEPRECATED_OBJC_IMPLEMENTATIONS = YES;
				CLANG_WARN_DIRECT_OBJC_ISA_USAGE = YES_ERROR;
				CLANG_WARN_DOCUMENTATION_COMMENTS = YES;
				CLANG_WARN_EMPTY_BODY = YES;
				CLANG_WARN_ENUM_CONVERSION = YES;
				CLANG_WARN_INFINITE_RECURSION = YES;
				CLANG_WARN_INT_CONVERSION = YES;
				CLANG_WARN_NON_LITERAL_NULL_CONVERSION = YES;
				CLANG_WARN_OBJC_IMPLICIT_RETAIN_SELF = YES;
				CLANG_WARN_OBJC_LITERAL_CONVERSION = YES;
				CLANG_WARN_OBJC_ROOT_CLASS = YES_ERROR;
				CLANG_WARN_QUOTED_INCLUDE_IN_FRAMEWORK_HEADER = YES;
				CLANG_WARN_RANGE_LOOP_ANALYSIS = YES;
				CLANG_WARN_STRICT_PROTOTYPES = YES;
				CLANG_WARN_SUSPICIOUS_MOVE = YES;
				CLANG_WARN_UNGUARDED_AVAILABILITY = YES_AGGRESSIVE;
				CLANG_WARN_UNREACHABLE_CODE = YES;
				CLANG_WARN__DUPLICATE_METHOD_MATCH = YES;
				COPY_PHASE_STRIP = NO;
				DEBUG_INFORMATION_FORMAT = "dwarf-with-dsym";
				ENABLE_APP_SANDBOX = NO;
				ENABLE_NS_ASSERTIONS = NO;
				ENABLE_STRICT_OBJC_MSGSEND = YES;
				ENABLE_USER_SCRIPT_SANDBOXING = NO;
				GCC_C_LANGUAGE_STANDARD = gnu17;
				GCC_NO_COMMON_BLOCKS = YES;
				GCC_WARN_64_TO_32_BIT_CONVERSION = YES;
				GCC_WARN_ABOUT_RETURN_TYPE = YES_ERROR;
				GCC_WARN_UNDECLARED_SELECTOR = YES;
				GCC_WARN_UNINITIALIZED_AUTOS = YES_AGGRESSIVE;
				GCC_WARN_UNUSED_FUNCTION = YES;
				GCC_WARN_UNUSED_VARIABLE = YES;
				IPHONEOS_DEPLOYMENT_TARGET = 17.0;
				LOCALIZATION_PREFERS_STRING_CATALOGS = YES;
				MTL_ENABLE_DEBUG_INFO = NO;
				MTL_FAST_MATH = YES;
				SDKROOT = iphoneos;
				SWIFT_COMPILATION_MODE = wholemodule;
				VALIDATE_PRODUCT = YES;
			};
			name = Release;
		};
		4AA6B7202B21BF65001A5E48 /* Debug */ = {
			isa = XCBuildConfiguration;
			baseConfigurationReference = 1AC07BF2A13694DDFD99458F /* Pods-News.debug.xcconfig */;
			buildSettings = {
				ASSETCATALOG_COMPILER_APPICON_NAME = AppIcon;
				ASSETCATALOG_COMPILER_GLOBAL_ACCENT_COLOR_NAME = AccentColor;
				CODE_SIGN_STYLE = Automatic;
				CURRENT_PROJECT_VERSION = 1;
				DEVELOPMENT_TEAM = TG5V34PW77;
				GENERATE_INFOPLIST_FILE = YES;
				INFOPLIST_FILE = News/Info.plist;
				INFOPLIST_KEY_UIApplicationSupportsIndirectInputEvents = YES;
				INFOPLIST_KEY_UILaunchStoryboardName = LaunchScreen;
				INFOPLIST_KEY_UIMainStoryboardFile = Main;
				INFOPLIST_KEY_UISupportedInterfaceOrientations_iPad = "UIInterfaceOrientationPortrait UIInterfaceOrientationPortraitUpsideDown UIInterfaceOrientationLandscapeLeft UIInterfaceOrientationLandscapeRight";
				INFOPLIST_KEY_UISupportedInterfaceOrientations_iPhone = "UIInterfaceOrientationPortrait UIInterfaceOrientationLandscapeLeft UIInterfaceOrientationLandscapeRight";
				IPHONEOS_DEPLOYMENT_TARGET = 16.0;
				LD_RUNPATH_SEARCH_PATHS = (
					"$(inherited)",
					"@executable_path/Frameworks",
				);
				MARKETING_VERSION = 1.0;
				PRODUCT_BUNDLE_IDENTIFIER = com.ferry.News;
				PRODUCT_NAME = "$(TARGET_NAME)";
				SWIFT_EMIT_LOC_STRINGS = YES;
				SWIFT_VERSION = 5.0;
				TARGETED_DEVICE_FAMILY = "1,2";
			};
			name = Debug;
		};
		4AA6B7212B21BF65001A5E48 /* Release */ = {
			isa = XCBuildConfiguration;
			baseConfigurationReference = 4CEAB2BEA488EE21C0A37C53 /* Pods-News.release.xcconfig */;
			buildSettings = {
				ASSETCATALOG_COMPILER_APPICON_NAME = AppIcon;
				ASSETCATALOG_COMPILER_GLOBAL_ACCENT_COLOR_NAME = AccentColor;
				CODE_SIGN_STYLE = Automatic;
				CURRENT_PROJECT_VERSION = 1;
				DEVELOPMENT_TEAM = TG5V34PW77;
				GENERATE_INFOPLIST_FILE = YES;
				INFOPLIST_FILE = News/Info.plist;
				INFOPLIST_KEY_UIApplicationSupportsIndirectInputEvents = YES;
				INFOPLIST_KEY_UILaunchStoryboardName = LaunchScreen;
				INFOPLIST_KEY_UIMainStoryboardFile = Main;
				INFOPLIST_KEY_UISupportedInterfaceOrientations_iPad = "UIInterfaceOrientationPortrait UIInterfaceOrientationPortraitUpsideDown UIInterfaceOrientationLandscapeLeft UIInterfaceOrientationLandscapeRight";
				INFOPLIST_KEY_UISupportedInterfaceOrientations_iPhone = "UIInterfaceOrientationPortrait UIInterfaceOrientationLandscapeLeft UIInterfaceOrientationLandscapeRight";
				IPHONEOS_DEPLOYMENT_TARGET = 16.0;
				LD_RUNPATH_SEARCH_PATHS = (
					"$(inherited)",
					"@executable_path/Frameworks",
				);
				MARKETING_VERSION = 1.0;
				PRODUCT_BUNDLE_IDENTIFIER = com.ferry.News;
				PRODUCT_NAME = "$(TARGET_NAME)";
				SWIFT_EMIT_LOC_STRINGS = YES;
				SWIFT_VERSION = 5.0;
				TARGETED_DEVICE_FAMILY = "1,2";
			};
			name = Release;
		};
		4AA6B7232B21BF65001A5E48 /* Debug */ = {
			isa = XCBuildConfiguration;
			baseConfigurationReference = F20458C8F44874609ED37F9F /* Pods-NewsTests.debug.xcconfig */;
			buildSettings = {
				ALWAYS_EMBED_SWIFT_STANDARD_LIBRARIES = YES;
				BUNDLE_LOADER = "$(TEST_HOST)";
				CODE_SIGN_STYLE = Automatic;
				CURRENT_PROJECT_VERSION = 1;
				DEVELOPMENT_TEAM = TG5V34PW77;
				GENERATE_INFOPLIST_FILE = YES;
				IPHONEOS_DEPLOYMENT_TARGET = 17.0;
				MARKETING_VERSION = 1.0;
				PRODUCT_BUNDLE_IDENTIFIER = com.ferry.NewsTests;
				PRODUCT_NAME = "$(TARGET_NAME)";
				SWIFT_EMIT_LOC_STRINGS = NO;
				SWIFT_VERSION = 5.0;
				TARGETED_DEVICE_FAMILY = "1,2";
				TEST_HOST = "$(BUILT_PRODUCTS_DIR)/News.app/$(BUNDLE_EXECUTABLE_FOLDER_PATH)/News";
			};
			name = Debug;
		};
		4AA6B7242B21BF65001A5E48 /* Release */ = {
			isa = XCBuildConfiguration;
			baseConfigurationReference = E9D615782140D3223C0B0391 /* Pods-NewsTests.release.xcconfig */;
			buildSettings = {
				ALWAYS_EMBED_SWIFT_STANDARD_LIBRARIES = YES;
				BUNDLE_LOADER = "$(TEST_HOST)";
				CODE_SIGN_STYLE = Automatic;
				CURRENT_PROJECT_VERSION = 1;
				DEVELOPMENT_TEAM = TG5V34PW77;
				GENERATE_INFOPLIST_FILE = YES;
				IPHONEOS_DEPLOYMENT_TARGET = 17.0;
				MARKETING_VERSION = 1.0;
				PRODUCT_BUNDLE_IDENTIFIER = com.ferry.NewsTests;
				PRODUCT_NAME = "$(TARGET_NAME)";
				SWIFT_EMIT_LOC_STRINGS = NO;
				SWIFT_VERSION = 5.0;
				TARGETED_DEVICE_FAMILY = "1,2";
				TEST_HOST = "$(BUILT_PRODUCTS_DIR)/News.app/$(BUNDLE_EXECUTABLE_FOLDER_PATH)/News";
			};
			name = Release;
		};
		4AA6B7262B21BF65001A5E48 /* Debug */ = {
			isa = XCBuildConfiguration;
			baseConfigurationReference = E3E502C53DE25CBCB34DCB2A /* Pods-News-NewsUITests.debug.xcconfig */;
			buildSettings = {
				ALWAYS_EMBED_SWIFT_STANDARD_LIBRARIES = YES;
				CODE_SIGN_STYLE = Automatic;
				CURRENT_PROJECT_VERSION = 1;
				DEVELOPMENT_TEAM = TG5V34PW77;
				GENERATE_INFOPLIST_FILE = YES;
				MARKETING_VERSION = 1.0;
				PRODUCT_BUNDLE_IDENTIFIER = com.ferry.NewsUITests;
				PRODUCT_NAME = "$(TARGET_NAME)";
				SWIFT_EMIT_LOC_STRINGS = NO;
				SWIFT_VERSION = 5.0;
				TARGETED_DEVICE_FAMILY = "1,2";
				TEST_TARGET_NAME = News;
			};
			name = Debug;
		};
		4AA6B7272B21BF65001A5E48 /* Release */ = {
			isa = XCBuildConfiguration;
			baseConfigurationReference = 6EFB88CE7F17A87097F23111 /* Pods-News-NewsUITests.release.xcconfig */;
			buildSettings = {
				ALWAYS_EMBED_SWIFT_STANDARD_LIBRARIES = YES;
				CODE_SIGN_STYLE = Automatic;
				CURRENT_PROJECT_VERSION = 1;
				DEVELOPMENT_TEAM = TG5V34PW77;
				GENERATE_INFOPLIST_FILE = YES;
				MARKETING_VERSION = 1.0;
				PRODUCT_BUNDLE_IDENTIFIER = com.ferry.NewsUITests;
				PRODUCT_NAME = "$(TARGET_NAME)";
				SWIFT_EMIT_LOC_STRINGS = NO;
				SWIFT_VERSION = 5.0;
				TARGETED_DEVICE_FAMILY = "1,2";
				TEST_TARGET_NAME = News;
			};
			name = Release;
		};
/* End XCBuildConfiguration section */

/* Begin XCConfigurationList section */
		4AA6B6F02B21BF64001A5E48 /* Build configuration list for PBXProject "News" */ = {
			isa = XCConfigurationList;
			buildConfigurations = (
				4AA6B71D2B21BF65001A5E48 /* Debug */,
				4AA6B71E2B21BF65001A5E48 /* Release */,
			);
			defaultConfigurationIsVisible = 0;
			defaultConfigurationName = Release;
		};
		4AA6B71F2B21BF65001A5E48 /* Build configuration list for PBXNativeTarget "News" */ = {
			isa = XCConfigurationList;
			buildConfigurations = (
				4AA6B7202B21BF65001A5E48 /* Debug */,
				4AA6B7212B21BF65001A5E48 /* Release */,
			);
			defaultConfigurationIsVisible = 0;
			defaultConfigurationName = Release;
		};
		4AA6B7222B21BF65001A5E48 /* Build configuration list for PBXNativeTarget "NewsTests" */ = {
			isa = XCConfigurationList;
			buildConfigurations = (
				4AA6B7232B21BF65001A5E48 /* Debug */,
				4AA6B7242B21BF65001A5E48 /* Release */,
			);
			defaultConfigurationIsVisible = 0;
			defaultConfigurationName = Release;
		};
		4AA6B7252B21BF65001A5E48 /* Build configuration list for PBXNativeTarget "NewsUITests" */ = {
			isa = XCConfigurationList;
			buildConfigurations = (
				4AA6B7262B21BF65001A5E48 /* Debug */,
				4AA6B7272B21BF65001A5E48 /* Release */,
			);
			defaultConfigurationIsVisible = 0;
			defaultConfigurationName = Release;
		};
/* End XCConfigurationList section */
	};
	rootObject = 4AA6B6ED2B21BF64001A5E48 /* Project object */;
}
